
Microsoft Visual Studio Solution File, Format Version 12.00
# Visual Studio 15
VisualStudioVersion = 15.0.27004.2009
MinimumVisualStudioVersion = 10.0.40219.1
Project("{FAE04EC0-301F-11D3-BF4B-00C04F79EFBC}") = "Util", "src\Util\Util.csproj", "{54BAA5C2-B47A-4177-A822-DBE0E739695F}"
EndProject
Project("{FAE04EC0-301F-11D3-BF4B-00C04F79EFBC}") = "Console.App", "src\Console.App\Console.App.csproj", "{D89F6BDA-8295-4694-8A58-14EC6C007597}"
EndProject
Global
	GlobalSection(SolutionConfigurationPlatforms) = preSolution
		Debug|Any CPU = Debug|Any CPU
		Release|Any CPU = Release|Any CPU
	EndGlobalSection
	GlobalSection(ProjectConfigurationPlatforms) = postSolution
		{54BAA5C2-B47A-4177-A822-DBE0E739695F}.Debug|Any CPU.ActiveCfg = Debug|Any CPU
		{54BAA5C2-B47A-4177-A822-DBE0E739695F}.Debug|Any CPU.Build.0 = Debug|Any CPU
		{54BAA5C2-B47A-4177-A822-DBE0E739695F}.Release|Any CPU.ActiveCfg = Release|Any CPU
		{54BAA5C2-B47A-4177-A822-DBE0E739695F}.Release|Any CPU.Build.0 = Release|Any CPU
		{D89F6BDA-8295-4694-8A58-14EC6C007597}.Debug|Any CPU.ActiveCfg = Debug|Any CPU
		{D89F6BDA-8295-4694-8A58-14EC6C007597}.Debug|Any CPU.Build.0 = Debug|Any CPU
		{D89F6BDA-8295-4694-8A58-14EC6C007597}.Release|Any CPU.ActiveCfg = Release|Any CPU
		{D89F6BDA-8295-4694-8A58-14EC6C007597}.Release|Any CPU.Build.0 = Release|Any CPU
	EndGlobalSection
	GlobalSection(SolutionProperties) = preSolution
		HideSolutionNode = FALSE
	EndGlobalSection
	GlobalSection(ExtensibilityGlobals) = postSolution
		SolutionGuid = {362D0DC2-96C1-4F9B-BA9F-0EEA3DCEDBE1}
	EndGlobalSection
EndGlobal
